// !$*UTF8*$!
{
	archiveVersion = 1;
	classes = {
	};
	objectVersion = 46;
	objects = {

/* Begin PBXBuildFile section */
		1576DA1A8CDC35333FEE1FE6 /* Pods_TricorderUITests.framework in Frameworks */ = {isa = PBXBuildFile; fileRef = 1D41F594E173A9BBDF670D54 /* Pods_TricorderUITests.framework */; };
		3177BCA0F99F7FECC37E72F7 /* Pods_Tricorder.framework in Frameworks */ = {isa = PBXBuildFile; fileRef = 3AED9ABCA493871ABCD0BDD5 /* Pods_Tricorder.framework */; };
		380E9A90207D9D8800EAE199 /* KVMedicineDataController.swift in Sources */ = {isa = PBXBuildFile; fileRef = 380E9A87207D9D8700EAE199 /* KVMedicineDataController.swift */; };
		380E9A91207D9D8800EAE199 /* KVMealDataController.swift in Sources */ = {isa = PBXBuildFile; fileRef = 380E9A88207D9D8800EAE199 /* KVMealDataController.swift */; };
		380E9A92207D9D8800EAE199 /* KVMessageDataController.swift in Sources */ = {isa = PBXBuildFile; fileRef = 380E9A89207D9D8800EAE199 /* KVMessageDataController.swift */; };
		380E9A93207D9D8800EAE199 /* KVBeverageDataController.swift in Sources */ = {isa = PBXBuildFile; fileRef = 380E9A8A207D9D8800EAE199 /* KVBeverageDataController.swift */; };
		380E9A94207D9D8800EAE199 /* KVFoodDataController.swift in Sources */ = {isa = PBXBuildFile; fileRef = 380E9A8B207D9D8800EAE199 /* KVFoodDataController.swift */; };
		380E9A95207D9D8800EAE199 /* KVEventDataController.swift in Sources */ = {isa = PBXBuildFile; fileRef = 380E9A8C207D9D8800EAE199 /* KVEventDataController.swift */; };
		380E9A96207D9D8800EAE199 /* KVPackageDataController.swift in Sources */ = {isa = PBXBuildFile; fileRef = 380E9A8D207D9D8800EAE199 /* KVPackageDataController.swift */; };
		380E9A97207D9D8800EAE199 /* KVPlaceDataController.swift in Sources */ = {isa = PBXBuildFile; fileRef = 380E9A8E207D9D8800EAE199 /* KVPlaceDataController.swift */; };
		380E9A98207D9D8800EAE199 /* KVPersonDataController.swift in Sources */ = {isa = PBXBuildFile; fileRef = 380E9A8F207D9D8800EAE199 /* KVPersonDataController.swift */; };
		3827B0121D9DD3DF004A3582 /* LaunchScreen.storyboard in Resources */ = {isa = PBXBuildFile; fileRef = 3827B0101D9DD3DF004A3582 /* LaunchScreen.storyboard */; };
		3827B01D1D9DD3DF004A3582 /* TricorderTests.swift in Sources */ = {isa = PBXBuildFile; fileRef = 3827B01C1D9DD3DF004A3582 /* TricorderTests.swift */; };
		3827B0281D9DD3DF004A3582 /* TricorderUITests.swift in Sources */ = {isa = PBXBuildFile; fileRef = 3827B0271D9DD3DF004A3582 /* TricorderUITests.swift */; };
		3827B0391D9DD923004A3582 /* AppDelegate.swift in Sources */ = {isa = PBXBuildFile; fileRef = 3827B0381D9DD923004A3582 /* AppDelegate.swift */; };
		3827B0481D9DD998004A3582 /* KVCameraViewController.swift in Sources */ = {isa = PBXBuildFile; fileRef = 3827B03C1D9DD998004A3582 /* KVCameraViewController.swift */; };
		3827B0491D9DD998004A3582 /* KVPersonVueTVC.swift in Sources */ = {isa = PBXBuildFile; fileRef = 3827B03D1D9DD998004A3582 /* KVPersonVueTVC.swift */; };
		3827B04A1D9DD998004A3582 /* KVMapViewCon.swift in Sources */ = {isa = PBXBuildFile; fileRef = 3827B03F1D9DD998004A3582 /* KVMapViewCon.swift */; };
		3827B04B1D9DD998004A3582 /* KVAnnotationItem.swift in Sources */ = {isa = PBXBuildFile; fileRef = 3827B0411D9DD998004A3582 /* KVAnnotationItem.swift */; };
		3827B04C1D9DD998004A3582 /* KVPrimeTVCon.swift in Sources */ = {isa = PBXBuildFile; fileRef = 3827B0431D9DD998004A3582 /* KVPrimeTVCon.swift */; };
		3827B04D1D9DD998004A3582 /* pvtcEXT.swift in Sources */ = {isa = PBXBuildFile; fileRef = 3827B0441D9DD998004A3582 /* pvtcEXT.swift */; };
		3827B04E1D9DD998004A3582 /* KVBasicCustomCell.swift in Sources */ = {isa = PBXBuildFile; fileRef = 3827B0461D9DD998004A3582 /* KVBasicCustomCell.swift */; };
		3827B04F1D9DD998004A3582 /* KVRatingView.swift in Sources */ = {isa = PBXBuildFile; fileRef = 3827B0471D9DD998004A3582 /* KVRatingView.swift */; };
		3827B0521D9DD9AA004A3582 /* CoreData.framework in Frameworks */ = {isa = PBXBuildFile; fileRef = 3827B0511D9DD9AA004A3582 /* CoreData.framework */; };
		3827B0541D9DD9B0004A3582 /* MapKit.framework in Frameworks */ = {isa = PBXBuildFile; fileRef = 3827B0531D9DD9B0004A3582 /* MapKit.framework */; };
		3827B0561D9DD9BD004A3582 /* CoreLocation.framework in Frameworks */ = {isa = PBXBuildFile; fileRef = 3827B0551D9DD9BD004A3582 /* CoreLocation.framework */; };
		3827B0941D9DDA2E004A3582 /* AbstractDataController.swift in Sources */ = {isa = PBXBuildFile; fileRef = 3827B0591D9DDA2E004A3582 /* AbstractDataController.swift */; };
		3827B0951D9DDA2E004A3582 /* KVEntityDataController.swift in Sources */ = {isa = PBXBuildFile; fileRef = 3827B05A1D9DDA2E004A3582 /* KVEntityDataController.swift */; };
		3827B0961D9DDA2E004A3582 /* KVItemsDataController.swift in Sources */ = {isa = PBXBuildFile; fileRef = 3827B05B1D9DDA2E004A3582 /* KVItemsDataController.swift */; };
		3827B0971D9DDA2E004A3582 /* TricorderDataController.swift in Sources */ = {isa = PBXBuildFile; fileRef = 3827B05C1D9DDA2E004A3582 /* TricorderDataController.swift */; };
		3827B0BA1D9DDA2E004A3582 /* Tricorder.xcdatamodeld in Sources */ = {isa = PBXBuildFile; fileRef = 3827B0921D9DDA2E004A3582 /* Tricorder.xcdatamodeld */; };
		3827B0BC1D9DDDEE004A3582 /* Assets.xcassets in Resources */ = {isa = PBXBuildFile; fileRef = 3827B0BB1D9DDDEE004A3582 /* Assets.xcassets */; };
		3827B0BF1D9DDE05004A3582 /* Main.storyboard in Resources */ = {isa = PBXBuildFile; fileRef = 3827B0BD1D9DDE05004A3582 /* Main.storyboard */; };
		38422A2F1DA029ED00667B27 /* TC_DBTests.swift in Sources */ = {isa = PBXBuildFile; fileRef = 38422A2E1DA029ED00667B27 /* TC_DBTests.swift */; };
		38760F0E2086E66100A3AC0E /* KDVEULAViewController.swift in Sources */ = {isa = PBXBuildFile; fileRef = 38760F0D2086E66100A3AC0E /* KDVEULAViewController.swift */; };
		38A8C3D120B8834D00534B25 /* KVMapVCon_Ext.swift in Sources */ = {isa = PBXBuildFile; fileRef = 38A8C3D020B8834C00534B25 /* KVMapVCon_Ext.swift */; };
		38D128CB201A99F200B0DC7F /* KVVehicle.swift in Sources */ = {isa = PBXBuildFile; fileRef = 38D128A2201A99F100B0DC7F /* KVVehicle.swift */; };
		38D128CC201A99F200B0DC7F /* KVVehicle+CoreDataProperties.swift in Sources */ = {isa = PBXBuildFile; fileRef = 38D128A3201A99F100B0DC7F /* KVVehicle+CoreDataProperties.swift */; };
		38D128CD201A99F200B0DC7F /* KVPerson.swift in Sources */ = {isa = PBXBuildFile; fileRef = 38D128A5201A99F100B0DC7F /* KVPerson.swift */; };
		38D128CE201A99F200B0DC7F /* KVPerson+CoreDataProperties.swift in Sources */ = {isa = PBXBuildFile; fileRef = 38D128A6201A99F100B0DC7F /* KVPerson+CoreDataProperties.swift */; };
		38D128CF201A99F200B0DC7F /* KVEntity.swift in Sources */ = {isa = PBXBuildFile; fileRef = 38D128A8201A99F100B0DC7F /* KVEntity.swift */; };
		38D128D0201A99F200B0DC7F /* KVMessageMO.swift in Sources */ = {isa = PBXBuildFile; fileRef = 38D128AA201A99F100B0DC7F /* KVMessageMO.swift */; };
		38D128D1201A99F200B0DC7F /* KVItem.swift in Sources */ = {isa = PBXBuildFile; fileRef = 38D128AC201A99F100B0DC7F /* KVItem.swift */; };
		38D128D2201A99F200B0DC7F /* KVBeverageType.swift in Sources */ = {isa = PBXBuildFile; fileRef = 38D128AE201A99F100B0DC7F /* KVBeverageType.swift */; };
		38D128D3201A99F200B0DC7F /* KVMedicine.swift in Sources */ = {isa = PBXBuildFile; fileRef = 38D128B0201A99F100B0DC7F /* KVMedicine.swift */; };
		38D128D4201A99F200B0DC7F /* KVFoodType.swift in Sources */ = {isa = PBXBuildFile; fileRef = 38D128B2201A99F100B0DC7F /* KVFoodType.swift */; };
		38D128D5201A99F200B0DC7F /* KVMeal.swift in Sources */ = {isa = PBXBuildFile; fileRef = 38D128B4201A99F100B0DC7F /* KVMeal.swift */; };
		38D128D6201A99F200B0DC7F /* KVRootEntityLocation+CoreDataProperties.swift in Sources */ = {isa = PBXBuildFile; fileRef = 38D128B7201A99F100B0DC7F /* KVRootEntityLocation+CoreDataProperties.swift */; };
		38D128D7201A99F200B0DC7F /* KVRootEntityLocation.swift in Sources */ = {isa = PBXBuildFile; fileRef = 38D128B8201A99F100B0DC7F /* KVRootEntityLocation.swift */; };
		38D128D8201A99F200B0DC7F /* KVRootEntitySizes.swift in Sources */ = {isa = PBXBuildFile; fileRef = 38D128BA201A99F100B0DC7F /* KVRootEntitySizes.swift */; };
		38D128D9201A99F200B0DC7F /* KVRootEntitySizes+CoreDataProperties.swift in Sources */ = {isa = PBXBuildFile; fileRef = 38D128BB201A99F100B0DC7F /* KVRootEntitySizes+CoreDataProperties.swift */; };
		38D128DA201A99F200B0DC7F /* KVRootEntityGraphics+CoreDataProperties.swift in Sources */ = {isa = PBXBuildFile; fileRef = 38D128BD201A99F100B0DC7F /* KVRootEntityGraphics+CoreDataProperties.swift */; };
		38D128DB201A99F200B0DC7F /* KVRootEntityGraphics.swift in Sources */ = {isa = PBXBuildFile; fileRef = 38D128BE201A99F100B0DC7F /* KVRootEntityGraphics.swift */; };
		38D128DC201A99F200B0DC7F /* KVRootEntity+CoreDataProperties.swift in Sources */ = {isa = PBXBuildFile; fileRef = 38D128BF201A99F100B0DC7F /* KVRootEntity+CoreDataProperties.swift */; };
		38D128DD201A99F200B0DC7F /* KVRootEntityData.swift in Sources */ = {isa = PBXBuildFile; fileRef = 38D128C1201A99F100B0DC7F /* KVRootEntityData.swift */; };
		38D128DE201A99F200B0DC7F /* KVRootEntityData+CoreDataProperties.swift in Sources */ = {isa = PBXBuildFile; fileRef = 38D128C2201A99F100B0DC7F /* KVRootEntityData+CoreDataProperties.swift */; };
		38D128DF201A99F200B0DC7F /* KVRootEntity.swift in Sources */ = {isa = PBXBuildFile; fileRef = 38D128C3201A99F100B0DC7F /* KVRootEntity.swift */; };
		38D128E0201A99F200B0DC7F /* KVPlace.swift in Sources */ = {isa = PBXBuildFile; fileRef = 38D128C5201A99F100B0DC7F /* KVPlace.swift */; };
		38D128E1201A99F200B0DC7F /* KVEvent.swift in Sources */ = {isa = PBXBuildFile; fileRef = 38D128C7201A99F100B0DC7F /* KVEvent.swift */; };
		38D128E2201A99F200B0DC7F /* Archive.zip in Resources */ = {isa = PBXBuildFile; fileRef = 38D128C9201A99F100B0DC7F /* Archive.zip */; };
		38D128E3201A99F200B0DC7F /* KVPackage.swift in Sources */ = {isa = PBXBuildFile; fileRef = 38D128CA201A99F100B0DC7F /* KVPackage.swift */; };
		869D5DE77D71CA01D10DD3CE /* Pods_TricorderTests.framework in Frameworks */ = {isa = PBXBuildFile; fileRef = E3C7E79C8701F30A0CE3F864 /* Pods_TricorderTests.framework */; };
/* End PBXBuildFile section */

/* Begin PBXContainerItemProxy section */
		3827B0191D9DD3DF004A3582 /* PBXContainerItemProxy */ = {
			isa = PBXContainerItemProxy;
			containerPortal = 3827AFFA1D9DD3DE004A3582 /* Project object */;
			proxyType = 1;
			remoteGlobalIDString = 3827B0011D9DD3DE004A3582;
			remoteInfo = Tricorder;
		};
		3827B0241D9DD3DF004A3582 /* PBXContainerItemProxy */ = {
			isa = PBXContainerItemProxy;
			containerPortal = 3827AFFA1D9DD3DE004A3582 /* Project object */;
			proxyType = 1;
			remoteGlobalIDString = 3827B0011D9DD3DE004A3582;
			remoteInfo = Tricorder;
		};
/* End PBXContainerItemProxy section */

/* Begin PBXFileReference section */
		0C1934DDF6A459FDED11A0C8 /* Pods-TricorderTests.debug.xcconfig */ = {isa = PBXFileReference; includeInIndex = 1; lastKnownFileType = text.xcconfig; name = "Pods-TricorderTests.debug.xcconfig"; path = "Pods/Target Support Files/Pods-TricorderTests/Pods-TricorderTests.debug.xcconfig"; sourceTree = "<group>"; };
		1D41F594E173A9BBDF670D54 /* Pods_TricorderUITests.framework */ = {isa = PBXFileReference; explicitFileType = wrapper.framework; includeInIndex = 0; path = Pods_TricorderUITests.framework; sourceTree = BUILT_PRODUCTS_DIR; };
		32DE7EB22DA262CC3952C278 /* Pods-TricorderTests.release.xcconfig */ = {isa = PBXFileReference; includeInIndex = 1; lastKnownFileType = text.xcconfig; name = "Pods-TricorderTests.release.xcconfig"; path = "Pods/Target Support Files/Pods-TricorderTests/Pods-TricorderTests.release.xcconfig"; sourceTree = "<group>"; };
		380E9A87207D9D8700EAE199 /* KVMedicineDataController.swift */ = {isa = PBXFileReference; fileEncoding = 4; lastKnownFileType = sourcecode.swift; path = KVMedicineDataController.swift; sourceTree = "<group>"; };
		380E9A88207D9D8800EAE199 /* KVMealDataController.swift */ = {isa = PBXFileReference; fileEncoding = 4; lastKnownFileType = sourcecode.swift; path = KVMealDataController.swift; sourceTree = "<group>"; };
		380E9A89207D9D8800EAE199 /* KVMessageDataController.swift */ = {isa = PBXFileReference; fileEncoding = 4; lastKnownFileType = sourcecode.swift; path = KVMessageDataController.swift; sourceTree = "<group>"; };
		380E9A8A207D9D8800EAE199 /* KVBeverageDataController.swift */ = {isa = PBXFileReference; fileEncoding = 4; lastKnownFileType = sourcecode.swift; path = KVBeverageDataController.swift; sourceTree = "<group>"; };
		380E9A8B207D9D8800EAE199 /* KVFoodDataController.swift */ = {isa = PBXFileReference; fileEncoding = 4; lastKnownFileType = sourcecode.swift; path = KVFoodDataController.swift; sourceTree = "<group>"; };
		380E9A8C207D9D8800EAE199 /* KVEventDataController.swift */ = {isa = PBXFileReference; fileEncoding = 4; lastKnownFileType = sourcecode.swift; path = KVEventDataController.swift; sourceTree = "<group>"; };
		380E9A8D207D9D8800EAE199 /* KVPackageDataController.swift */ = {isa = PBXFileReference; fileEncoding = 4; lastKnownFileType = sourcecode.swift; path = KVPackageDataController.swift; sourceTree = "<group>"; };
		380E9A8E207D9D8800EAE199 /* KVPlaceDataController.swift */ = {isa = PBXFileReference; fileEncoding = 4; lastKnownFileType = sourcecode.swift; path = KVPlaceDataController.swift; sourceTree = "<group>"; };
		380E9A8F207D9D8800EAE199 /* KVPersonDataController.swift */ = {isa = PBXFileReference; fileEncoding = 4; lastKnownFileType = sourcecode.swift; path = KVPersonDataController.swift; sourceTree = "<group>"; };
		3827B0021D9DD3DE004A3582 /* Tricorder.app */ = {isa = PBXFileReference; explicitFileType = wrapper.application; includeInIndex = 0; path = Tricorder.app; sourceTree = BUILT_PRODUCTS_DIR; };
		3827B0111D9DD3DF004A3582 /* Base */ = {isa = PBXFileReference; lastKnownFileType = file.storyboard; name = Base; path = Base.lproj/LaunchScreen.storyboard; sourceTree = "<group>"; };
		3827B0131D9DD3DF004A3582 /* Info.plist */ = {isa = PBXFileReference; lastKnownFileType = text.plist.xml; path = Info.plist; sourceTree = "<group>"; };
		3827B0181D9DD3DF004A3582 /* TricorderTests.xctest */ = {isa = PBXFileReference; explicitFileType = wrapper.cfbundle; includeInIndex = 0; path = TricorderTests.xctest; sourceTree = BUILT_PRODUCTS_DIR; };
		3827B01C1D9DD3DF004A3582 /* TricorderTests.swift */ = {isa = PBXFileReference; lastKnownFileType = sourcecode.swift; path = TricorderTests.swift; sourceTree = "<group>"; };
		3827B01E1D9DD3DF004A3582 /* Info.plist */ = {isa = PBXFileReference; lastKnownFileType = text.plist.xml; path = Info.plist; sourceTree = "<group>"; };
		3827B0231D9DD3DF004A3582 /* TricorderUITests.xctest */ = {isa = PBXFileReference; explicitFileType = wrapper.cfbundle; includeInIndex = 0; path = TricorderUITests.xctest; sourceTree = BUILT_PRODUCTS_DIR; };
		3827B0271D9DD3DF004A3582 /* TricorderUITests.swift */ = {isa = PBXFileReference; lastKnownFileType = sourcecode.swift; path = TricorderUITests.swift; sourceTree = "<group>"; };
		3827B0291D9DD3DF004A3582 /* Info.plist */ = {isa = PBXFileReference; lastKnownFileType = text.plist.xml; path = Info.plist; sourceTree = "<group>"; };
		3827B0381D9DD923004A3582 /* AppDelegate.swift */ = {isa = PBXFileReference; fileEncoding = 4; lastKnownFileType = sourcecode.swift; path = AppDelegate.swift; sourceTree = "<group>"; };
		3827B03C1D9DD998004A3582 /* KVCameraViewController.swift */ = {isa = PBXFileReference; fileEncoding = 4; lastKnownFileType = sourcecode.swift; path = KVCameraViewController.swift; sourceTree = "<group>"; };
		3827B03D1D9DD998004A3582 /* KVPersonVueTVC.swift */ = {isa = PBXFileReference; fileEncoding = 4; lastKnownFileType = sourcecode.swift; path = KVPersonVueTVC.swift; sourceTree = "<group>"; };
		3827B03F1D9DD998004A3582 /* KVMapViewCon.swift */ = {isa = PBXFileReference; fileEncoding = 4; lastKnownFileType = sourcecode.swift; path = KVMapViewCon.swift; sourceTree = "<group>"; };
		3827B0411D9DD998004A3582 /* KVAnnotationItem.swift */ = {isa = PBXFileReference; fileEncoding = 4; lastKnownFileType = sourcecode.swift; path = KVAnnotationItem.swift; sourceTree = "<group>"; };
		3827B0431D9DD998004A3582 /* KVPrimeTVCon.swift */ = {isa = PBXFileReference; fileEncoding = 4; lastKnownFileType = sourcecode.swift; path = KVPrimeTVCon.swift; sourceTree = "<group>"; };
		3827B0441D9DD998004A3582 /* pvtcEXT.swift */ = {isa = PBXFileReference; fileEncoding = 4; lastKnownFileType = sourcecode.swift; path = pvtcEXT.swift; sourceTree = "<group>"; };
		3827B0461D9DD998004A3582 /* KVBasicCustomCell.swift */ = {isa = PBXFileReference; fileEncoding = 4; lastKnownFileType = sourcecode.swift; path = KVBasicCustomCell.swift; sourceTree = "<group>"; };
		3827B0471D9DD998004A3582 /* KVRatingView.swift */ = {isa = PBXFileReference; fileEncoding = 4; lastKnownFileType = sourcecode.swift; path = KVRatingView.swift; sourceTree = "<group>"; };
		3827B0511D9DD9AA004A3582 /* CoreData.framework */ = {isa = PBXFileReference; lastKnownFileType = wrapper.framework; name = CoreData.framework; path = System/Library/Frameworks/CoreData.framework; sourceTree = SDKROOT; };
		3827B0531D9DD9B0004A3582 /* MapKit.framework */ = {isa = PBXFileReference; lastKnownFileType = wrapper.framework; name = MapKit.framework; path = System/Library/Frameworks/MapKit.framework; sourceTree = SDKROOT; };
		3827B0551D9DD9BD004A3582 /* CoreLocation.framework */ = {isa = PBXFileReference; lastKnownFileType = wrapper.framework; name = CoreLocation.framework; path = System/Library/Frameworks/CoreLocation.framework; sourceTree = SDKROOT; };
		3827B0591D9DDA2E004A3582 /* AbstractDataController.swift */ = {isa = PBXFileReference; fileEncoding = 4; lastKnownFileType = sourcecode.swift; path = AbstractDataController.swift; sourceTree = "<group>"; };
		3827B05A1D9DDA2E004A3582 /* KVEntityDataController.swift */ = {isa = PBXFileReference; fileEncoding = 4; lastKnownFileType = sourcecode.swift; path = KVEntityDataController.swift; sourceTree = "<group>"; };
		3827B05B1D9DDA2E004A3582 /* KVItemsDataController.swift */ = {isa = PBXFileReference; fileEncoding = 4; lastKnownFileType = sourcecode.swift; path = KVItemsDataController.swift; sourceTree = "<group>"; };
		3827B05C1D9DDA2E004A3582 /* TricorderDataController.swift */ = {isa = PBXFileReference; fileEncoding = 4; lastKnownFileType = sourcecode.swift; path = TricorderDataController.swift; sourceTree = "<group>"; };
		3827B0931D9DDA2E004A3582 /* Tricorder.xcdatamodel */ = {isa = PBXFileReference; lastKnownFileType = wrapper.xcdatamodel; path = Tricorder.xcdatamodel; sourceTree = "<group>"; };
		3827B0BB1D9DDDEE004A3582 /* Assets.xcassets */ = {isa = PBXFileReference; lastKnownFileType = folder.assetcatalog; path = Assets.xcassets; sourceTree = "<group>"; };
		3827B0BE1D9DDE05004A3582 /* Base */ = {isa = PBXFileReference; lastKnownFileType = file.storyboard; name = Base; path = Base.lproj/Main.storyboard; sourceTree = "<group>"; };
		38422A2E1DA029ED00667B27 /* TC_DBTests.swift */ = {isa = PBXFileReference; fileEncoding = 4; lastKnownFileType = sourcecode.swift; path = TC_DBTests.swift; sourceTree = "<group>"; };
		38760F0D2086E66100A3AC0E /* KDVEULAViewController.swift */ = {isa = PBXFileReference; lastKnownFileType = sourcecode.swift; path = KDVEULAViewController.swift; sourceTree = "<group>"; };
		38A8C3D020B8834C00534B25 /* KVMapVCon_Ext.swift */ = {isa = PBXFileReference; fileEncoding = 4; lastKnownFileType = sourcecode.swift; path = KVMapVCon_Ext.swift; sourceTree = "<group>"; };
		38D128A2201A99F100B0DC7F /* KVVehicle.swift */ = {isa = PBXFileReference; fileEncoding = 4; lastKnownFileType = sourcecode.swift; path = KVVehicle.swift; sourceTree = "<group>"; };
		38D128A3201A99F100B0DC7F /* KVVehicle+CoreDataProperties.swift */ = {isa = PBXFileReference; fileEncoding = 4; lastKnownFileType = sourcecode.swift; path = "KVVehicle+CoreDataProperties.swift"; sourceTree = "<group>"; };
		38D128A5201A99F100B0DC7F /* KVPerson.swift */ = {isa = PBXFileReference; fileEncoding = 4; lastKnownFileType = sourcecode.swift; path = KVPerson.swift; sourceTree = "<group>"; };
		38D128A6201A99F100B0DC7F /* KVPerson+CoreDataProperties.swift */ = {isa = PBXFileReference; fileEncoding = 4; lastKnownFileType = sourcecode.swift; path = "KVPerson+CoreDataProperties.swift"; sourceTree = "<group>"; };
		38D128A8201A99F100B0DC7F /* KVEntity.swift */ = {isa = PBXFileReference; fileEncoding = 4; lastKnownFileType = sourcecode.swift; path = KVEntity.swift; sourceTree = "<group>"; };
		38D128AA201A99F100B0DC7F /* KVMessageMO.swift */ = {isa = PBXFileReference; fileEncoding = 4; lastKnownFileType = sourcecode.swift; path = KVMessageMO.swift; sourceTree = "<group>"; };
		38D128AC201A99F100B0DC7F /* KVItem.swift */ = {isa = PBXFileReference; fileEncoding = 4; lastKnownFileType = sourcecode.swift; path = KVItem.swift; sourceTree = "<group>"; };
		38D128AE201A99F100B0DC7F /* KVBeverageType.swift */ = {isa = PBXFileReference; fileEncoding = 4; lastKnownFileType = sourcecode.swift; path = KVBeverageType.swift; sourceTree = "<group>"; };
		38D128B0201A99F100B0DC7F /* KVMedicine.swift */ = {isa = PBXFileReference; fileEncoding = 4; lastKnownFileType = sourcecode.swift; path = KVMedicine.swift; sourceTree = "<group>"; };
		38D128B2201A99F100B0DC7F /* KVFoodType.swift */ = {isa = PBXFileReference; fileEncoding = 4; lastKnownFileType = sourcecode.swift; path = KVFoodType.swift; sourceTree = "<group>"; };
		38D128B4201A99F100B0DC7F /* KVMeal.swift */ = {isa = PBXFileReference; fileEncoding = 4; lastKnownFileType = sourcecode.swift; path = KVMeal.swift; sourceTree = "<group>"; };
		38D128B7201A99F100B0DC7F /* KVRootEntityLocation+CoreDataProperties.swift */ = {isa = PBXFileReference; fileEncoding = 4; lastKnownFileType = sourcecode.swift; path = "KVRootEntityLocation+CoreDataProperties.swift"; sourceTree = "<group>"; };
		38D128B8201A99F100B0DC7F /* KVRootEntityLocation.swift */ = {isa = PBXFileReference; fileEncoding = 4; lastKnownFileType = sourcecode.swift; path = KVRootEntityLocation.swift; sourceTree = "<group>"; };
		38D128BA201A99F100B0DC7F /* KVRootEntitySizes.swift */ = {isa = PBXFileReference; fileEncoding = 4; lastKnownFileType = sourcecode.swift; path = KVRootEntitySizes.swift; sourceTree = "<group>"; };
		38D128BB201A99F100B0DC7F /* KVRootEntitySizes+CoreDataProperties.swift */ = {isa = PBXFileReference; fileEncoding = 4; lastKnownFileType = sourcecode.swift; path = "KVRootEntitySizes+CoreDataProperties.swift"; sourceTree = "<group>"; };
		38D128BD201A99F100B0DC7F /* KVRootEntityGraphics+CoreDataProperties.swift */ = {isa = PBXFileReference; fileEncoding = 4; lastKnownFileType = sourcecode.swift; path = "KVRootEntityGraphics+CoreDataProperties.swift"; sourceTree = "<group>"; };
		38D128BE201A99F100B0DC7F /* KVRootEntityGraphics.swift */ = {isa = PBXFileReference; fileEncoding = 4; lastKnownFileType = sourcecode.swift; path = KVRootEntityGraphics.swift; sourceTree = "<group>"; };
		38D128BF201A99F100B0DC7F /* KVRootEntity+CoreDataProperties.swift */ = {isa = PBXFileReference; fileEncoding = 4; lastKnownFileType = sourcecode.swift; path = "KVRootEntity+CoreDataProperties.swift"; sourceTree = "<group>"; };
		38D128C1201A99F100B0DC7F /* KVRootEntityData.swift */ = {isa = PBXFileReference; fileEncoding = 4; lastKnownFileType = sourcecode.swift; path = KVRootEntityData.swift; sourceTree = "<group>"; };
		38D128C2201A99F100B0DC7F /* KVRootEntityData+CoreDataProperties.swift */ = {isa = PBXFileReference; fileEncoding = 4; lastKnownFileType = sourcecode.swift; path = "KVRootEntityData+CoreDataProperties.swift"; sourceTree = "<group>"; };
		38D128C3201A99F100B0DC7F /* KVRootEntity.swift */ = {isa = PBXFileReference; fileEncoding = 4; lastKnownFileType = sourcecode.swift; path = KVRootEntity.swift; sourceTree = "<group>"; };
		38D128C5201A99F100B0DC7F /* KVPlace.swift */ = {isa = PBXFileReference; fileEncoding = 4; lastKnownFileType = sourcecode.swift; path = KVPlace.swift; sourceTree = "<group>"; };
		38D128C7201A99F100B0DC7F /* KVEvent.swift */ = {isa = PBXFileReference; fileEncoding = 4; lastKnownFileType = sourcecode.swift; path = KVEvent.swift; sourceTree = "<group>"; };
		38D128C9201A99F100B0DC7F /* Archive.zip */ = {isa = PBXFileReference; lastKnownFileType = archive.zip; path = Archive.zip; sourceTree = "<group>"; };
		38D128CA201A99F100B0DC7F /* KVPackage.swift */ = {isa = PBXFileReference; fileEncoding = 4; lastKnownFileType = sourcecode.swift; path = KVPackage.swift; sourceTree = "<group>"; };
		3AED9ABCA493871ABCD0BDD5 /* Pods_Tricorder.framework */ = {isa = PBXFileReference; explicitFileType = wrapper.framework; includeInIndex = 0; path = Pods_Tricorder.framework; sourceTree = BUILT_PRODUCTS_DIR; };
		7ACFF9C3389F9D2151761BFC /* Pods-Tricorder.release.xcconfig */ = {isa = PBXFileReference; includeInIndex = 1; lastKnownFileType = text.xcconfig; name = "Pods-Tricorder.release.xcconfig"; path = "Pods/Target Support Files/Pods-Tricorder/Pods-Tricorder.release.xcconfig"; sourceTree = "<group>"; };
		AACC2D391C8216DE0EABC0C7 /* Pods-TricorderUITests.debug.xcconfig */ = {isa = PBXFileReference; includeInIndex = 1; lastKnownFileType = text.xcconfig; name = "Pods-TricorderUITests.debug.xcconfig"; path = "Pods/Target Support Files/Pods-TricorderUITests/Pods-TricorderUITests.debug.xcconfig"; sourceTree = "<group>"; };
		E3155BB8E6626BF06F35B9BA /* Pods-Tricorder.debug.xcconfig */ = {isa = PBXFileReference; includeInIndex = 1; lastKnownFileType = text.xcconfig; name = "Pods-Tricorder.debug.xcconfig"; path = "Pods/Target Support Files/Pods-Tricorder/Pods-Tricorder.debug.xcconfig"; sourceTree = "<group>"; };
		E3C7E79C8701F30A0CE3F864 /* Pods_TricorderTests.framework */ = {isa = PBXFileReference; explicitFileType = wrapper.framework; includeInIndex = 0; path = Pods_TricorderTests.framework; sourceTree = BUILT_PRODUCTS_DIR; };
		E4AB72B55657ACD29C632D0A /* Pods-TricorderUITests.release.xcconfig */ = {isa = PBXFileReference; includeInIndex = 1; lastKnownFileType = text.xcconfig; name = "Pods-TricorderUITests.release.xcconfig"; path = "Pods/Target Support Files/Pods-TricorderUITests/Pods-TricorderUITests.release.xcconfig"; sourceTree = "<group>"; };
/* End PBXFileReference section */

/* Begin PBXFrameworksBuildPhase section */
		3827AFFF1D9DD3DE004A3582 /* Frameworks */ = {
			isa = PBXFrameworksBuildPhase;
			buildActionMask = 2147483647;
			files = (
				3827B0561D9DD9BD004A3582 /* CoreLocation.framework in Frameworks */,
				3827B0541D9DD9B0004A3582 /* MapKit.framework in Frameworks */,
				3827B0521D9DD9AA004A3582 /* CoreData.framework in Frameworks */,
				3177BCA0F99F7FECC37E72F7 /* Pods_Tricorder.framework in Frameworks */,
			);
			runOnlyForDeploymentPostprocessing = 0;
		};
		3827B0151D9DD3DF004A3582 /* Frameworks */ = {
			isa = PBXFrameworksBuildPhase;
			buildActionMask = 2147483647;
			files = (
				869D5DE77D71CA01D10DD3CE /* Pods_TricorderTests.framework in Frameworks */,
			);
			runOnlyForDeploymentPostprocessing = 0;
		};
		3827B0201D9DD3DF004A3582 /* Frameworks */ = {
			isa = PBXFrameworksBuildPhase;
			buildActionMask = 2147483647;
			files = (
				1576DA1A8CDC35333FEE1FE6 /* Pods_TricorderUITests.framework in Frameworks */,
			);
			runOnlyForDeploymentPostprocessing = 0;
		};
/* End PBXFrameworksBuildPhase section */

/* Begin PBXGroup section */
		3827AFF91D9DD3DE004A3582 = {
			isa = PBXGroup;
			children = (
				3827B0041D9DD3DE004A3582 /* Tricorder */,
				3827B01B1D9DD3DF004A3582 /* TricorderTests */,
				3827B0261D9DD3DF004A3582 /* TricorderUITests */,
				3827B0031D9DD3DE004A3582 /* Products */,
				3827B0501D9DD9AA004A3582 /* Frameworks */,
				697E68D884BEDE98D6EB6F28 /* Pods */,
			);
			sourceTree = "<group>";
		};
		3827B0031D9DD3DE004A3582 /* Products */ = {
			isa = PBXGroup;
			children = (
				3827B0021D9DD3DE004A3582 /* Tricorder.app */,
				3827B0181D9DD3DF004A3582 /* TricorderTests.xctest */,
				3827B0231D9DD3DF004A3582 /* TricorderUITests.xctest */,
			);
			name = Products;
			sourceTree = "<group>";
		};
		3827B0041D9DD3DE004A3582 /* Tricorder */ = {
			isa = PBXGroup;
			children = (
				38A9475A1D9DE38D002D7821 /* GUI */,
				3827B0571D9DDA2E004A3582 /* Data */,
				3827B03A1D9DD998004A3582 /* Views */,
				3827B0371D9DD8CA004A3582 /* AppSupport */,
			);
			path = Tricorder;
			sourceTree = "<group>";
		};
		3827B01B1D9DD3DF004A3582 /* TricorderTests */ = {
			isa = PBXGroup;
			children = (
				3827B01C1D9DD3DF004A3582 /* TricorderTests.swift */,
				38422A2E1DA029ED00667B27 /* TC_DBTests.swift */,
				3827B01E1D9DD3DF004A3582 /* Info.plist */,
			);
			path = TricorderTests;
			sourceTree = "<group>";
		};
		3827B0261D9DD3DF004A3582 /* TricorderUITests */ = {
			isa = PBXGroup;
			children = (
				3827B0271D9DD3DF004A3582 /* TricorderUITests.swift */,
				3827B0291D9DD3DF004A3582 /* Info.plist */,
			);
			path = TricorderUITests;
			sourceTree = "<group>";
		};
		3827B0371D9DD8CA004A3582 /* AppSupport */ = {
			isa = PBXGroup;
			children = (
				3827B0381D9DD923004A3582 /* AppDelegate.swift */,
				3827B0131D9DD3DF004A3582 /* Info.plist */,
				3827B0101D9DD3DF004A3582 /* LaunchScreen.storyboard */,
			);
			name = AppSupport;
			sourceTree = "<group>";
		};
		3827B03A1D9DD998004A3582 /* Views */ = {
			isa = PBXGroup;
			children = (
				3827B03B1D9DD998004A3582 /* Editors */,
				3827B03E1D9DD998004A3582 /* MapView */,
				3827B0421D9DD998004A3582 /* PrimeTVC */,
				38760F0F2086E68300A3AC0E /* EULA */,
			);
			path = Views;
			sourceTree = "<group>";
		};
		3827B03B1D9DD998004A3582 /* Editors */ = {
			isa = PBXGroup;
			children = (
				3827B03C1D9DD998004A3582 /* KVCameraViewController.swift */,
				38942C8C2200147500D201BF /* Person */,
			);
			path = Editors;
			sourceTree = "<group>";
		};
		3827B03E1D9DD998004A3582 /* MapView */ = {
			isa = PBXGroup;
			children = (
				3827B03F1D9DD998004A3582 /* KVMapViewCon.swift */,
				38A8C3D020B8834C00534B25 /* KVMapVCon_Ext.swift */,
				3827B0401D9DD998004A3582 /* MapObjects */,
			);
			path = MapView;
			sourceTree = "<group>";
		};
		3827B0401D9DD998004A3582 /* MapObjects */ = {
			isa = PBXGroup;
			children = (
				3827B0411D9DD998004A3582 /* KVAnnotationItem.swift */,
			);
			path = MapObjects;
			sourceTree = "<group>";
		};
		3827B0421D9DD998004A3582 /* PrimeTVC */ = {
			isa = PBXGroup;
			children = (
				3827B0431D9DD998004A3582 /* KVPrimeTVCon.swift */,
				3827B0441D9DD998004A3582 /* pvtcEXT.swift */,
				3827B0451D9DD998004A3582 /* tvcOBJ */,
			);
			path = PrimeTVC;
			sourceTree = "<group>";
		};
		3827B0451D9DD998004A3582 /* tvcOBJ */ = {
			isa = PBXGroup;
			children = (
				3827B0461D9DD998004A3582 /* KVBasicCustomCell.swift */,
				3827B0471D9DD998004A3582 /* KVRatingView.swift */,
			);
			path = tvcOBJ;
			sourceTree = "<group>";
		};
		3827B0501D9DD9AA004A3582 /* Frameworks */ = {
			isa = PBXGroup;
			children = (
				3827B0551D9DD9BD004A3582 /* CoreLocation.framework */,
				3827B0531D9DD9B0004A3582 /* MapKit.framework */,
				3827B0511D9DD9AA004A3582 /* CoreData.framework */,
				3AED9ABCA493871ABCD0BDD5 /* Pods_Tricorder.framework */,
				E3C7E79C8701F30A0CE3F864 /* Pods_TricorderTests.framework */,
				1D41F594E173A9BBDF670D54 /* Pods_TricorderUITests.framework */,
			);
			name = Frameworks;
			sourceTree = "<group>";
		};
		3827B0571D9DDA2E004A3582 /* Data */ = {
			isa = PBXGroup;
			children = (
				3827B0581D9DDA2E004A3582 /* Abstract */,
				3827B05D1D9DDA2E004A3582 /* EntityControllers */,
				3827B0921D9DDA2E004A3582 /* Tricorder.xcdatamodeld */,
				38D128A0201A99F100B0DC7F /* Models */,
			);
			path = Data;
			sourceTree = "<group>";
		};
		3827B0581D9DDA2E004A3582 /* Abstract */ = {
			isa = PBXGroup;
			children = (
				3827B0591D9DDA2E004A3582 /* AbstractDataController.swift */,
				3827B05A1D9DDA2E004A3582 /* KVEntityDataController.swift */,
				3827B05B1D9DDA2E004A3582 /* KVItemsDataController.swift */,
				3827B05C1D9DDA2E004A3582 /* TricorderDataController.swift */,
			);
			path = Abstract;
			sourceTree = "<group>";
		};
		3827B05D1D9DDA2E004A3582 /* EntityControllers */ = {
			isa = PBXGroup;
			children = (
				380E9A8A207D9D8800EAE199 /* KVBeverageDataController.swift */,
				380E9A8C207D9D8800EAE199 /* KVEventDataController.swift */,
				380E9A8B207D9D8800EAE199 /* KVFoodDataController.swift */,
				380E9A88207D9D8800EAE199 /* KVMealDataController.swift */,
				380E9A87207D9D8700EAE199 /* KVMedicineDataController.swift */,
				380E9A89207D9D8800EAE199 /* KVMessageDataController.swift */,
				380E9A8D207D9D8800EAE199 /* KVPackageDataController.swift */,
				380E9A8F207D9D8800EAE199 /* KVPersonDataController.swift */,
				380E9A8E207D9D8800EAE199 /* KVPlaceDataController.swift */,
			);
			path = EntityControllers;
			sourceTree = "<group>";
		};
		38760F0F2086E68300A3AC0E /* EULA */ = {
			isa = PBXGroup;
			children = (
				38760F0D2086E66100A3AC0E /* KDVEULAViewController.swift */,
			);
			name = EULA;
			path = "New Group";
			sourceTree = "<group>";
		};
		38942C8C2200147500D201BF /* Person */ = {
			isa = PBXGroup;
			children = (
				38942C8E2200149800D201BF /* KVPersonEdController */,
				38942C8D2200148400D201BF /* KVPersonTVC */,
			);
			path = Person;
			sourceTree = "<group>";
		};
		38942C8D2200148400D201BF /* KVPersonTVC */ = {
			isa = PBXGroup;
			children = (
				3827B03D1D9DD998004A3582 /* KVPersonVueTVC.swift */,
			);
			path = KVPersonTVC;
			sourceTree = "<group>";
		};
		38942C8E2200149800D201BF /* KVPersonEdController */ = {
			isa = PBXGroup;
			children = (
			);
			path = KVPersonEdController;
			sourceTree = "<group>";
		};
		38A9475A1D9DE38D002D7821 /* GUI */ = {
			isa = PBXGroup;
			children = (
				3827B0BD1D9DDE05004A3582 /* Main.storyboard */,
				3827B0BB1D9DDDEE004A3582 /* Assets.xcassets */,
			);
			name = GUI;
			sourceTree = "<group>";
		};
		38D128A0201A99F100B0DC7F /* Models */ = {
			isa = PBXGroup;
			children = (
				38D128A1201A99F100B0DC7F /* vehicle */,
				38D128A4201A99F100B0DC7F /* person */,
				38D128A7201A99F100B0DC7F /* entity */,
				38D128A9201A99F100B0DC7F /* messageMO */,
				38D128AB201A99F100B0DC7F /* Item */,
				38D128AD201A99F100B0DC7F /* beverage */,
				38D128AF201A99F100B0DC7F /* medicine */,
				38D128B1201A99F100B0DC7F /* food */,
				38D128B3201A99F100B0DC7F /* meal */,
				38D128B5201A99F100B0DC7F /* root */,
				38D128C4201A99F100B0DC7F /* place */,
				38D128C6201A99F100B0DC7F /* event */,
				38D128C8201A99F100B0DC7F /* package */,
			);
			path = Models;
			sourceTree = "<group>";
		};
		38D128A1201A99F100B0DC7F /* vehicle */ = {
			isa = PBXGroup;
			children = (
				38D128A2201A99F100B0DC7F /* KVVehicle.swift */,
				38D128A3201A99F100B0DC7F /* KVVehicle+CoreDataProperties.swift */,
			);
			path = vehicle;
			sourceTree = "<group>";
		};
		38D128A4201A99F100B0DC7F /* person */ = {
			isa = PBXGroup;
			children = (
				38D128A5201A99F100B0DC7F /* KVPerson.swift */,
				38D128A6201A99F100B0DC7F /* KVPerson+CoreDataProperties.swift */,
			);
			path = person;
			sourceTree = "<group>";
		};
		38D128A7201A99F100B0DC7F /* entity */ = {
			isa = PBXGroup;
			children = (
				38D128A8201A99F100B0DC7F /* KVEntity.swift */,
			);
			path = entity;
			sourceTree = "<group>";
		};
		38D128A9201A99F100B0DC7F /* messageMO */ = {
			isa = PBXGroup;
			children = (
				38D128AA201A99F100B0DC7F /* KVMessageMO.swift */,
			);
			path = messageMO;
			sourceTree = "<group>";
		};
		38D128AB201A99F100B0DC7F /* Item */ = {
			isa = PBXGroup;
			children = (
				38D128AC201A99F100B0DC7F /* KVItem.swift */,
			);
			path = Item;
			sourceTree = "<group>";
		};
		38D128AD201A99F100B0DC7F /* beverage */ = {
			isa = PBXGroup;
			children = (
				38D128AE201A99F100B0DC7F /* KVBeverageType.swift */,
			);
			path = beverage;
			sourceTree = "<group>";
		};
		38D128AF201A99F100B0DC7F /* medicine */ = {
			isa = PBXGroup;
			children = (
				38D128B0201A99F100B0DC7F /* KVMedicine.swift */,
			);
			path = medicine;
			sourceTree = "<group>";
		};
		38D128B1201A99F100B0DC7F /* food */ = {
			isa = PBXGroup;
			children = (
				38D128B2201A99F100B0DC7F /* KVFoodType.swift */,
			);
			path = food;
			sourceTree = "<group>";
		};
		38D128B3201A99F100B0DC7F /* meal */ = {
			isa = PBXGroup;
			children = (
				38D128B4201A99F100B0DC7F /* KVMeal.swift */,
			);
			path = meal;
			sourceTree = "<group>";
		};
		38D128B5201A99F100B0DC7F /* root */ = {
			isa = PBXGroup;
			children = (
				38D128B6201A99F100B0DC7F /* location */,
				38D128B9201A99F100B0DC7F /* sizes */,
				38D128BC201A99F100B0DC7F /* graphics */,
				38D128BF201A99F100B0DC7F /* KVRootEntity+CoreDataProperties.swift */,
				38D128C0201A99F100B0DC7F /* data */,
				38D128C3201A99F100B0DC7F /* KVRootEntity.swift */,
			);
			path = root;
			sourceTree = "<group>";
		};
		38D128B6201A99F100B0DC7F /* location */ = {
			isa = PBXGroup;
			children = (
				38D128B7201A99F100B0DC7F /* KVRootEntityLocation+CoreDataProperties.swift */,
				38D128B8201A99F100B0DC7F /* KVRootEntityLocation.swift */,
			);
			path = location;
			sourceTree = "<group>";
		};
		38D128B9201A99F100B0DC7F /* sizes */ = {
			isa = PBXGroup;
			children = (
				38D128BA201A99F100B0DC7F /* KVRootEntitySizes.swift */,
				38D128BB201A99F100B0DC7F /* KVRootEntitySizes+CoreDataProperties.swift */,
			);
			path = sizes;
			sourceTree = "<group>";
		};
		38D128BC201A99F100B0DC7F /* graphics */ = {
			isa = PBXGroup;
			children = (
				38D128BD201A99F100B0DC7F /* KVRootEntityGraphics+CoreDataProperties.swift */,
				38D128BE201A99F100B0DC7F /* KVRootEntityGraphics.swift */,
			);
			path = graphics;
			sourceTree = "<group>";
		};
		38D128C0201A99F100B0DC7F /* data */ = {
			isa = PBXGroup;
			children = (
				38D128C1201A99F100B0DC7F /* KVRootEntityData.swift */,
				38D128C2201A99F100B0DC7F /* KVRootEntityData+CoreDataProperties.swift */,
			);
			path = data;
			sourceTree = "<group>";
		};
		38D128C4201A99F100B0DC7F /* place */ = {
			isa = PBXGroup;
			children = (
				38D128C5201A99F100B0DC7F /* KVPlace.swift */,
			);
			path = place;
			sourceTree = "<group>";
		};
		38D128C6201A99F100B0DC7F /* event */ = {
			isa = PBXGroup;
			children = (
				38D128C7201A99F100B0DC7F /* KVEvent.swift */,
			);
			path = event;
			sourceTree = "<group>";
		};
		38D128C8201A99F100B0DC7F /* package */ = {
			isa = PBXGroup;
			children = (
				38D128C9201A99F100B0DC7F /* Archive.zip */,
				38D128CA201A99F100B0DC7F /* KVPackage.swift */,
			);
			path = package;
			sourceTree = "<group>";
		};
		697E68D884BEDE98D6EB6F28 /* Pods */ = {
			isa = PBXGroup;
			children = (
				E3155BB8E6626BF06F35B9BA /* Pods-Tricorder.debug.xcconfig */,
				7ACFF9C3389F9D2151761BFC /* Pods-Tricorder.release.xcconfig */,
				0C1934DDF6A459FDED11A0C8 /* Pods-TricorderTests.debug.xcconfig */,
				32DE7EB22DA262CC3952C278 /* Pods-TricorderTests.release.xcconfig */,
				AACC2D391C8216DE0EABC0C7 /* Pods-TricorderUITests.debug.xcconfig */,
				E4AB72B55657ACD29C632D0A /* Pods-TricorderUITests.release.xcconfig */,
			);
			name = Pods;
			sourceTree = "<group>";
		};
/* End PBXGroup section */

/* Begin PBXNativeTarget section */
		3827B0011D9DD3DE004A3582 /* Tricorder */ = {
			isa = PBXNativeTarget;
			buildConfigurationList = 3827B02C1D9DD3DF004A3582 /* Build configuration list for PBXNativeTarget "Tricorder" */;
			buildPhases = (
				794587297E74CDEB1E7EA172 /* [CP] Check Pods Manifest.lock */,
				3827AFFE1D9DD3DE004A3582 /* Sources */,
				3827AFFF1D9DD3DE004A3582 /* Frameworks */,
				3827B0001D9DD3DE004A3582 /* Resources */,
				EC2048A027B84B31739ED428 /* [CP] Embed Pods Frameworks */,
				53884C1A4B6934101EC675BF /* [CP] Copy Pods Resources */,
			);
			buildRules = (
			);
			dependencies = (
			);
			name = Tricorder;
			productName = Tricorder;
			productReference = 3827B0021D9DD3DE004A3582 /* Tricorder.app */;
			productType = "com.apple.product-type.application";
		};
		3827B0171D9DD3DF004A3582 /* TricorderTests */ = {
			isa = PBXNativeTarget;
			buildConfigurationList = 3827B02F1D9DD3DF004A3582 /* Build configuration list for PBXNativeTarget "TricorderTests" */;
			buildPhases = (
				EA8779A9287561A7C1AE4CEA /* [CP] Check Pods Manifest.lock */,
				3827B0141D9DD3DF004A3582 /* Sources */,
				3827B0151D9DD3DF004A3582 /* Frameworks */,
				3827B0161D9DD3DF004A3582 /* Resources */,
				3B8A8474794F760CFAFB501F /* [CP] Embed Pods Frameworks */,
				94A16487279B42AC481B1F48 /* [CP] Copy Pods Resources */,
			);
			buildRules = (
			);
			dependencies = (
				3827B01A1D9DD3DF004A3582 /* PBXTargetDependency */,
			);
			name = TricorderTests;
			productName = TricorderTests;
			productReference = 3827B0181D9DD3DF004A3582 /* TricorderTests.xctest */;
			productType = "com.apple.product-type.bundle.unit-test";
		};
		3827B0221D9DD3DF004A3582 /* TricorderUITests */ = {
			isa = PBXNativeTarget;
			buildConfigurationList = 3827B0321D9DD3DF004A3582 /* Build configuration list for PBXNativeTarget "TricorderUITests" */;
			buildPhases = (
				672FD8379E90730D9EDCA5A2 /* [CP] Check Pods Manifest.lock */,
				3827B01F1D9DD3DF004A3582 /* Sources */,
				3827B0201D9DD3DF004A3582 /* Frameworks */,
				3827B0211D9DD3DF004A3582 /* Resources */,
				AC9E9CA955A08AEC7EBC865B /* [CP] Copy Pods Resources */,
			);
			buildRules = (
			);
			dependencies = (
				3827B0251D9DD3DF004A3582 /* PBXTargetDependency */,
			);
			name = TricorderUITests;
			productName = TricorderUITests;
			productReference = 3827B0231D9DD3DF004A3582 /* TricorderUITests.xctest */;
			productType = "com.apple.product-type.bundle.ui-testing";
		};
/* End PBXNativeTarget section */

/* Begin PBXProject section */
		3827AFFA1D9DD3DE004A3582 /* Project object */ = {
			isa = PBXProject;
			attributes = {
				LastSwiftUpdateCheck = 0800;
				LastUpgradeCheck = 0930;
				ORGANIZATIONNAME = K3nV;
				TargetAttributes = {
					3827B0011D9DD3DE004A3582 = {
						CreatedOnToolsVersion = 8.0;
						DevelopmentTeam = LQ75G5YK98;
						LastSwiftMigration = 0920;
						ProvisioningStyle = Automatic;
					};
					3827B0171D9DD3DF004A3582 = {
						CreatedOnToolsVersion = 8.0;
						DevelopmentTeam = LQ75G5YK98;
						LastSwiftMigration = 0920;
						ProvisioningStyle = Automatic;
						TestTargetID = 3827B0011D9DD3DE004A3582;
					};
					3827B0221D9DD3DF004A3582 = {
						CreatedOnToolsVersion = 8.0;
						DevelopmentTeam = LQ75G5YK98;
						LastSwiftMigration = 0920;
						ProvisioningStyle = Automatic;
						TestTargetID = 3827B0011D9DD3DE004A3582;
					};
				};
			};
			buildConfigurationList = 3827AFFD1D9DD3DE004A3582 /* Build configuration list for PBXProject "Tricorder" */;
			compatibilityVersion = "Xcode 3.2";
			developmentRegion = English;
			hasScannedForEncodings = 0;
			knownRegions = (
				en,
				Base,
			);
			mainGroup = 3827AFF91D9DD3DE004A3582;
			productRefGroup = 3827B0031D9DD3DE004A3582 /* Products */;
			projectDirPath = "";
			projectRoot = "";
			targets = (
				3827B0011D9DD3DE004A3582 /* Tricorder */,
				3827B0171D9DD3DF004A3582 /* TricorderTests */,
				3827B0221D9DD3DF004A3582 /* TricorderUITests */,
			);
		};
/* End PBXProject section */

/* Begin PBXResourcesBuildPhase section */
		3827B0001D9DD3DE004A3582 /* Resources */ = {
			isa = PBXResourcesBuildPhase;
			buildActionMask = 2147483647;
			files = (
				3827B0121D9DD3DF004A3582 /* LaunchScreen.storyboard in Resources */,
				3827B0BC1D9DDDEE004A3582 /* Assets.xcassets in Resources */,
				38D128E2201A99F200B0DC7F /* Archive.zip in Resources */,
				3827B0BF1D9DDE05004A3582 /* Main.storyboard in Resources */,
			);
			runOnlyForDeploymentPostprocessing = 0;
		};
		3827B0161D9DD3DF004A3582 /* Resources */ = {
			isa = PBXResourcesBuildPhase;
			buildActionMask = 2147483647;
			files = (
			);
			runOnlyForDeploymentPostprocessing = 0;
		};
		3827B0211D9DD3DF004A3582 /* Resources */ = {
			isa = PBXResourcesBuildPhase;
			buildActionMask = 2147483647;
			files = (
			);
			runOnlyForDeploymentPostprocessing = 0;
		};
/* End PBXResourcesBuildPhase section */

/* Begin PBXShellScriptBuildPhase section */
		3B8A8474794F760CFAFB501F /* [CP] Embed Pods Frameworks */ = {
			isa = PBXShellScriptBuildPhase;
			buildActionMask = 2147483647;
			files = (
			);
			inputPaths = (
			);
			name = "[CP] Embed Pods Frameworks";
			outputPaths = (
			);
			runOnlyForDeploymentPostprocessing = 0;
			shellPath = /bin/sh;
			shellScript = "\"${SRCROOT}/Pods/Target Support Files/Pods-TricorderTests/Pods-TricorderTests-frameworks.sh\"\n";
			showEnvVarsInLog = 0;
		};
		53884C1A4B6934101EC675BF /* [CP] Copy Pods Resources */ = {
			isa = PBXShellScriptBuildPhase;
			buildActionMask = 2147483647;
			files = (
			);
			inputPaths = (
			);
			name = "[CP] Copy Pods Resources";
			outputPaths = (
			);
			runOnlyForDeploymentPostprocessing = 0;
			shellPath = /bin/sh;
			shellScript = "\"${SRCROOT}/Pods/Target Support Files/Pods-Tricorder/Pods-Tricorder-resources.sh\"\n";
			showEnvVarsInLog = 0;
		};
		672FD8379E90730D9EDCA5A2 /* [CP] Check Pods Manifest.lock */ = {
			isa = PBXShellScriptBuildPhase;
			buildActionMask = 2147483647;
			files = (
			);
			inputPaths = (
			);
			name = "[CP] Check Pods Manifest.lock";
			outputPaths = (
			);
			runOnlyForDeploymentPostprocessing = 0;
			shellPath = /bin/sh;
			shellScript = "diff \"${PODS_ROOT}/../Podfile.lock\" \"${PODS_ROOT}/Manifest.lock\" > /dev/null\nif [[ $? != 0 ]] ; then\n    cat << EOM\nerror: The sandbox is not in sync with the Podfile.lock. Run 'pod install' or update your CocoaPods installation.\nEOM\n    exit 1\nfi\n";
			showEnvVarsInLog = 0;
		};
		794587297E74CDEB1E7EA172 /* [CP] Check Pods Manifest.lock */ = {
			isa = PBXShellScriptBuildPhase;
			buildActionMask = 2147483647;
			files = (
			);
			inputPaths = (
			);
			name = "[CP] Check Pods Manifest.lock";
			outputPaths = (
			);
			runOnlyForDeploymentPostprocessing = 0;
			shellPath = /bin/sh;
			shellScript = "diff \"${PODS_ROOT}/../Podfile.lock\" \"${PODS_ROOT}/Manifest.lock\" > /dev/null\nif [[ $? != 0 ]] ; then\n    cat << EOM\nerror: The sandbox is not in sync with the Podfile.lock. Run 'pod install' or update your CocoaPods installation.\nEOM\n    exit 1\nfi\n";
			showEnvVarsInLog = 0;
		};
		94A16487279B42AC481B1F48 /* [CP] Copy Pods Resources */ = {
			isa = PBXShellScriptBuildPhase;
			buildActionMask = 2147483647;
			files = (
			);
			inputPaths = (
			);
			name = "[CP] Copy Pods Resources";
			outputPaths = (
			);
			runOnlyForDeploymentPostprocessing = 0;
			shellPath = /bin/sh;
			shellScript = "\"${SRCROOT}/Pods/Target Support Files/Pods-TricorderTests/Pods-TricorderTests-resources.sh\"\n";
			showEnvVarsInLog = 0;
		};
		AC9E9CA955A08AEC7EBC865B /* [CP] Copy Pods Resources */ = {
			isa = PBXShellScriptBuildPhase;
			buildActionMask = 2147483647;
			files = (
			);
			inputPaths = (
			);
			name = "[CP] Copy Pods Resources";
			outputPaths = (
			);
			runOnlyForDeploymentPostprocessing = 0;
			shellPath = /bin/sh;
			shellScript = "\"${SRCROOT}/Pods/Target Support Files/Pods-TricorderUITests/Pods-TricorderUITests-resources.sh\"\n";
			showEnvVarsInLog = 0;
		};
		EA8779A9287561A7C1AE4CEA /* [CP] Check Pods Manifest.lock */ = {
			isa = PBXShellScriptBuildPhase;
			buildActionMask = 2147483647;
			files = (
			);
			inputPaths = (
			);
			name = "[CP] Check Pods Manifest.lock";
			outputPaths = (
			);
			runOnlyForDeploymentPostprocessing = 0;
			shellPath = /bin/sh;
			shellScript = "diff \"${PODS_ROOT}/../Podfile.lock\" \"${PODS_ROOT}/Manifest.lock\" > /dev/null\nif [[ $? != 0 ]] ; then\n    cat << EOM\nerror: The sandbox is not in sync with the Podfile.lock. Run 'pod install' or update your CocoaPods installation.\nEOM\n    exit 1\nfi\n";
			showEnvVarsInLog = 0;
		};
		EC2048A027B84B31739ED428 /* [CP] Embed Pods Frameworks */ = {
			isa = PBXShellScriptBuildPhase;
			buildActionMask = 2147483647;
			files = (
			);
			inputPaths = (
			);
			name = "[CP] Embed Pods Frameworks";
			outputPaths = (
			);
			runOnlyForDeploymentPostprocessing = 0;
			shellPath = /bin/sh;
			shellScript = "\"${SRCROOT}/Pods/Target Support Files/Pods-Tricorder/Pods-Tricorder-frameworks.sh\"\n";
			showEnvVarsInLog = 0;
		};
/* End PBXShellScriptBuildPhase section */

/* Begin PBXSourcesBuildPhase section */
		3827AFFE1D9DD3DE004A3582 /* Sources */ = {
			isa = PBXSourcesBuildPhase;
			buildActionMask = 2147483647;
			files = (
				3827B04E1D9DD998004A3582 /* KVBasicCustomCell.swift in Sources */,
				38D128DA201A99F200B0DC7F /* KVRootEntityGraphics+CoreDataProperties.swift in Sources */,
				3827B0971D9DDA2E004A3582 /* TricorderDataController.swift in Sources */,
				380E9A91207D9D8800EAE199 /* KVMealDataController.swift in Sources */,
				38D128CC201A99F200B0DC7F /* KVVehicle+CoreDataProperties.swift in Sources */,
				38D128D5201A99F200B0DC7F /* KVMeal.swift in Sources */,
				38D128DC201A99F200B0DC7F /* KVRootEntity+CoreDataProperties.swift in Sources */,
				3827B04D1D9DD998004A3582 /* pvtcEXT.swift in Sources */,
				3827B0491D9DD998004A3582 /* KVPersonVueTVC.swift in Sources */,
				38D128D0201A99F200B0DC7F /* KVMessageMO.swift in Sources */,
				38D128DB201A99F200B0DC7F /* KVRootEntityGraphics.swift in Sources */,
				38D128DE201A99F200B0DC7F /* KVRootEntityData+CoreDataProperties.swift in Sources */,
				3827B0961D9DDA2E004A3582 /* KVItemsDataController.swift in Sources */,
				38D128D7201A99F200B0DC7F /* KVRootEntityLocation.swift in Sources */,
				380E9A98207D9D8800EAE199 /* KVPersonDataController.swift in Sources */,
				3827B0481D9DD998004A3582 /* KVCameraViewController.swift in Sources */,
				38D128D9201A99F200B0DC7F /* KVRootEntitySizes+CoreDataProperties.swift in Sources */,
				38A8C3D120B8834D00534B25 /* KVMapVCon_Ext.swift in Sources */,
				38760F0E2086E66100A3AC0E /* KDVEULAViewController.swift in Sources */,
				3827B0391D9DD923004A3582 /* AppDelegate.swift in Sources */,
				3827B04C1D9DD998004A3582 /* KVPrimeTVCon.swift in Sources */,
				38D128D4201A99F200B0DC7F /* KVFoodType.swift in Sources */,
				38D128D3201A99F200B0DC7F /* KVMedicine.swift in Sources */,
				38D128CE201A99F200B0DC7F /* KVPerson+CoreDataProperties.swift in Sources */,
				380E9A92207D9D8800EAE199 /* KVMessageDataController.swift in Sources */,
				3827B04A1D9DD998004A3582 /* KVMapViewCon.swift in Sources */,
				38D128CF201A99F200B0DC7F /* KVEntity.swift in Sources */,
				3827B0BA1D9DDA2E004A3582 /* Tricorder.xcdatamodeld in Sources */,
				38D128D6201A99F200B0DC7F /* KVRootEntityLocation+CoreDataProperties.swift in Sources */,
				380E9A97207D9D8800EAE199 /* KVPlaceDataController.swift in Sources */,
				380E9A96207D9D8800EAE199 /* KVPackageDataController.swift in Sources */,
				3827B04B1D9DD998004A3582 /* KVAnnotationItem.swift in Sources */,
				380E9A94207D9D8800EAE199 /* KVFoodDataController.swift in Sources */,
				380E9A93207D9D8800EAE199 /* KVBeverageDataController.swift in Sources */,
				38D128D2201A99F200B0DC7F /* KVBeverageType.swift in Sources */,
				38D128DF201A99F200B0DC7F /* KVRootEntity.swift in Sources */,
				3827B0951D9DDA2E004A3582 /* KVEntityDataController.swift in Sources */,
				38D128D8201A99F200B0DC7F /* KVRootEntitySizes.swift in Sources */,
				38D128D1201A99F200B0DC7F /* KVItem.swift in Sources */,
				38D128E3201A99F200B0DC7F /* KVPackage.swift in Sources */,
				38D128E0201A99F200B0DC7F /* KVPlace.swift in Sources */,
				3827B04F1D9DD998004A3582 /* KVRatingView.swift in Sources */,
				38D128E1201A99F200B0DC7F /* KVEvent.swift in Sources */,
				380E9A90207D9D8800EAE199 /* KVMedicineDataController.swift in Sources */,
				38D128DD201A99F200B0DC7F /* KVRootEntityData.swift in Sources */,
				3827B0941D9DDA2E004A3582 /* AbstractDataController.swift in Sources */,
				38D128CD201A99F200B0DC7F /* KVPerson.swift in Sources */,
				38D128CB201A99F200B0DC7F /* KVVehicle.swift in Sources */,
				380E9A95207D9D8800EAE199 /* KVEventDataController.swift in Sources */,
			);
			runOnlyForDeploymentPostprocessing = 0;
		};
		3827B0141D9DD3DF004A3582 /* Sources */ = {
			isa = PBXSourcesBuildPhase;
			buildActionMask = 2147483647;
			files = (
				38422A2F1DA029ED00667B27 /* TC_DBTests.swift in Sources */,
				3827B01D1D9DD3DF004A3582 /* TricorderTests.swift in Sources */,
			);
			runOnlyForDeploymentPostprocessing = 0;
		};
		3827B01F1D9DD3DF004A3582 /* Sources */ = {
			isa = PBXSourcesBuildPhase;
			buildActionMask = 2147483647;
			files = (
				3827B0281D9DD3DF004A3582 /* TricorderUITests.swift in Sources */,
			);
			runOnlyForDeploymentPostprocessing = 0;
		};
/* End PBXSourcesBuildPhase section */

/* Begin PBXTargetDependency section */
		3827B01A1D9DD3DF004A3582 /* PBXTargetDependency */ = {
			isa = PBXTargetDependency;
			target = 3827B0011D9DD3DE004A3582 /* Tricorder */;
			targetProxy = 3827B0191D9DD3DF004A3582 /* PBXContainerItemProxy */;
		};
		3827B0251D9DD3DF004A3582 /* PBXTargetDependency */ = {
			isa = PBXTargetDependency;
			target = 3827B0011D9DD3DE004A3582 /* Tricorder */;
			targetProxy = 3827B0241D9DD3DF004A3582 /* PBXContainerItemProxy */;
		};
/* End PBXTargetDependency section */

/* Begin PBXVariantGroup section */
		3827B0101D9DD3DF004A3582 /* LaunchScreen.storyboard */ = {
			isa = PBXVariantGroup;
			children = (
				3827B0111D9DD3DF004A3582 /* Base */,
			);
			name = LaunchScreen.storyboard;
			sourceTree = "<group>";
		};
		3827B0BD1D9DDE05004A3582 /* Main.storyboard */ = {
			isa = PBXVariantGroup;
			children = (
				3827B0BE1D9DDE05004A3582 /* Base */,
			);
			name = Main.storyboard;
			sourceTree = "<group>";
		};
/* End PBXVariantGroup section */

/* Begin XCBuildConfiguration section */
		3827B02A1D9DD3DF004A3582 /* Debug */ = {
			isa = XCBuildConfiguration;
			buildSettings = {
				ALWAYS_SEARCH_USER_PATHS = NO;
				CLANG_ANALYZER_NONNULL = YES;
				CLANG_CXX_LANGUAGE_STANDARD = "gnu++0x";
				CLANG_CXX_LIBRARY = "libc++";
				CLANG_ENABLE_MODULES = YES;
				CLANG_ENABLE_OBJC_ARC = YES;
				CLANG_WARN_BLOCK_CAPTURE_AUTORELEASING = YES;
				CLANG_WARN_BOOL_CONVERSION = YES;
				CLANG_WARN_COMMA = YES;
				CLANG_WARN_CONSTANT_CONVERSION = YES;
				CLANG_WARN_DEPRECATED_OBJC_IMPLEMENTATIONS = YES;
				CLANG_WARN_DIRECT_OBJC_ISA_USAGE = YES_ERROR;
				CLANG_WARN_DOCUMENTATION_COMMENTS = YES;
				CLANG_WARN_EMPTY_BODY = YES;
				CLANG_WARN_ENUM_CONVERSION = YES;
				CLANG_WARN_INFINITE_RECURSION = YES;
				CLANG_WARN_INT_CONVERSION = YES;
				CLANG_WARN_NON_LITERAL_NULL_CONVERSION = YES;
				CLANG_WARN_OBJC_IMPLICIT_RETAIN_SELF = YES;
				CLANG_WARN_OBJC_LITERAL_CONVERSION = YES;
				CLANG_WARN_OBJC_ROOT_CLASS = YES_ERROR;
				CLANG_WARN_RANGE_LOOP_ANALYSIS = YES;
				CLANG_WARN_STRICT_PROTOTYPES = YES;
				CLANG_WARN_SUSPICIOUS_MOVE = YES;
				CLANG_WARN_SUSPICIOUS_MOVES = YES;
				CLANG_WARN_UNREACHABLE_CODE = YES;
				CLANG_WARN__DUPLICATE_METHOD_MATCH = YES;
				"CODE_SIGN_IDENTITY[sdk=iphoneos*]" = "iPhone Developer";
				COPY_PHASE_STRIP = NO;
				DEBUG_INFORMATION_FORMAT = dwarf;
				ENABLE_STRICT_OBJC_MSGSEND = YES;
				ENABLE_TESTABILITY = YES;
				GCC_C_LANGUAGE_STANDARD = gnu99;
				GCC_DYNAMIC_NO_PIC = NO;
				GCC_NO_COMMON_BLOCKS = YES;
				GCC_OPTIMIZATION_LEVEL = 0;
				GCC_PREPROCESSOR_DEFINITIONS = (
					"DEBUG=1",
					"$(inherited)",
				);
				GCC_WARN_64_TO_32_BIT_CONVERSION = YES;
				GCC_WARN_ABOUT_RETURN_TYPE = YES_ERROR;
				GCC_WARN_UNDECLARED_SELECTOR = YES;
				GCC_WARN_UNINITIALIZED_AUTOS = YES_AGGRESSIVE;
				GCC_WARN_UNUSED_FUNCTION = YES;
				GCC_WARN_UNUSED_VARIABLE = YES;
				IPHONEOS_DEPLOYMENT_TARGET = 10.0;
				MTL_ENABLE_DEBUG_INFO = YES;
				ONLY_ACTIVE_ARCH = YES;
				SDKROOT = iphoneos;
				SWIFT_ACTIVE_COMPILATION_CONDITIONS = DEBUG;
				SWIFT_OPTIMIZATION_LEVEL = "-Onone";
				TARGETED_DEVICE_FAMILY = "1,2";
			};
			name = Debug;
		};
		3827B02B1D9DD3DF004A3582 /* Release */ = {
			isa = XCBuildConfiguration;
			buildSettings = {
				ALWAYS_SEARCH_USER_PATHS = NO;
				CLANG_ANALYZER_NONNULL = YES;
				CLANG_CXX_LANGUAGE_STANDARD = "gnu++0x";
				CLANG_CXX_LIBRARY = "libc++";
				CLANG_ENABLE_MODULES = YES;
				CLANG_ENABLE_OBJC_ARC = YES;
				CLANG_WARN_BLOCK_CAPTURE_AUTORELEASING = YES;
				CLANG_WARN_BOOL_CONVERSION = YES;
				CLANG_WARN_COMMA = YES;
				CLANG_WARN_CONSTANT_CONVERSION = YES;
				CLANG_WARN_DEPRECATED_OBJC_IMPLEMENTATIONS = YES;
				CLANG_WARN_DIRECT_OBJC_ISA_USAGE = YES_ERROR;
				CLANG_WARN_DOCUMENTATION_COMMENTS = YES;
				CLANG_WARN_EMPTY_BODY = YES;
				CLANG_WARN_ENUM_CONVERSION = YES;
				CLANG_WARN_INFINITE_RECURSION = YES;
				CLANG_WARN_INT_CONVERSION = YES;
				CLANG_WARN_NON_LITERAL_NULL_CONVERSION = YES;
				CLANG_WARN_OBJC_IMPLICIT_RETAIN_SELF = YES;
				CLANG_WARN_OBJC_LITERAL_CONVERSION = YES;
				CLANG_WARN_OBJC_ROOT_CLASS = YES_ERROR;
				CLANG_WARN_RANGE_LOOP_ANALYSIS = YES;
				CLANG_WARN_STRICT_PROTOTYPES = YES;
				CLANG_WARN_SUSPICIOUS_MOVE = YES;
				CLANG_WARN_SUSPICIOUS_MOVES = YES;
				CLANG_WARN_UNREACHABLE_CODE = YES;
				CLANG_WARN__DUPLICATE_METHOD_MATCH = YES;
				"CODE_SIGN_IDENTITY[sdk=iphoneos*]" = "iPhone Developer";
				COPY_PHASE_STRIP = NO;
				DEBUG_INFORMATION_FORMAT = "dwarf-with-dsym";
				ENABLE_NS_ASSERTIONS = NO;
				ENABLE_STRICT_OBJC_MSGSEND = YES;
				GCC_C_LANGUAGE_STANDARD = gnu99;
				GCC_NO_COMMON_BLOCKS = YES;
				GCC_WARN_64_TO_32_BIT_CONVERSION = YES;
				GCC_WARN_ABOUT_RETURN_TYPE = YES_ERROR;
				GCC_WARN_UNDECLARED_SELECTOR = YES;
				GCC_WARN_UNINITIALIZED_AUTOS = YES_AGGRESSIVE;
				GCC_WARN_UNUSED_FUNCTION = YES;
				GCC_WARN_UNUSED_VARIABLE = YES;
				IPHONEOS_DEPLOYMENT_TARGET = 10.0;
				MTL_ENABLE_DEBUG_INFO = NO;
				SDKROOT = iphoneos;
				SWIFT_OPTIMIZATION_LEVEL = "-Owholemodule";
				TARGETED_DEVICE_FAMILY = "1,2";
				VALIDATE_PRODUCT = YES;
			};
			name = Release;
		};
		3827B02D1D9DD3DF004A3582 /* Debug */ = {
			isa = XCBuildConfiguration;
			baseConfigurationReference = E3155BB8E6626BF06F35B9BA /* Pods-Tricorder.debug.xcconfig */;
			buildSettings = {
				ASSETCATALOG_COMPILER_APPICON_NAME = AppIcon;
				CLANG_ENABLE_MODULES = YES;
				"CODE_SIGN_IDENTITY[sdk=iphoneos*]" = "iPhone Developer";
				DEVELOPMENT_TEAM = LQ75G5YK98;
				INFOPLIST_FILE = Tricorder/Info.plist;
				LD_RUNPATH_SEARCH_PATHS = "$(inherited) @executable_path/Frameworks";
				PRODUCT_BUNDLE_IDENTIFIER = com.axolotol.Tricorder;
				PRODUCT_NAME = "$(TARGET_NAME)";
				PROVISIONING_PROFILE_SPECIFIER = "";
				SWIFT_OPTIMIZATION_LEVEL = "-Onone";
				SWIFT_SWIFT3_OBJC_INFERENCE = On;
				SWIFT_VERSION = 4.0;
			};
			name = Debug;
		};
		3827B02E1D9DD3DF004A3582 /* Release */ = {
			isa = XCBuildConfiguration;
			baseConfigurationReference = 7ACFF9C3389F9D2151761BFC /* Pods-Tricorder.release.xcconfig */;
			buildSettings = {
				ASSETCATALOG_COMPILER_APPICON_NAME = AppIcon;
				CLANG_ENABLE_MODULES = YES;
				"CODE_SIGN_IDENTITY[sdk=iphoneos*]" = "iPhone Developer";
				DEVELOPMENT_TEAM = LQ75G5YK98;
				INFOPLIST_FILE = Tricorder/Info.plist;
				LD_RUNPATH_SEARCH_PATHS = "$(inherited) @executable_path/Frameworks";
				PRODUCT_BUNDLE_IDENTIFIER = com.axolotol.Tricorder;
				PRODUCT_NAME = "$(TARGET_NAME)";
				PROVISIONING_PROFILE_SPECIFIER = "";
				SWIFT_SWIFT3_OBJC_INFERENCE = On;
				SWIFT_VERSION = 4.0;
			};
			name = Release;
		};
		3827B0301D9DD3DF004A3582 /* Debug */ = {
			isa = XCBuildConfiguration;
			baseConfigurationReference = 0C1934DDF6A459FDED11A0C8 /* Pods-TricorderTests.debug.xcconfig */;
			buildSettings = {
				ALWAYS_EMBED_SWIFT_STANDARD_LIBRARIES = YES;
				BUNDLE_LOADER = "$(TEST_HOST)";
				DEVELOPMENT_TEAM = LQ75G5YK98;
				INFOPLIST_FILE = TricorderTests/Info.plist;
				LD_RUNPATH_SEARCH_PATHS = "$(inherited) @executable_path/Frameworks @loader_path/Frameworks";
				PRODUCT_BUNDLE_IDENTIFIER = com.axolotol.TricorderTests;
				PRODUCT_NAME = "$(TARGET_NAME)";
				SWIFT_SWIFT3_OBJC_INFERENCE = On;
				SWIFT_VERSION = 4.0;
				TEST_HOST = "$(BUILT_PRODUCTS_DIR)/Tricorder.app/Tricorder";
			};
			name = Debug;
		};
		3827B0311D9DD3DF004A3582 /* Release */ = {
			isa = XCBuildConfiguration;
			baseConfigurationReference = 32DE7EB22DA262CC3952C278 /* Pods-TricorderTests.release.xcconfig */;
			buildSettings = {
				ALWAYS_EMBED_SWIFT_STANDARD_LIBRARIES = YES;
				BUNDLE_LOADER = "$(TEST_HOST)";
				DEVELOPMENT_TEAM = LQ75G5YK98;
				INFOPLIST_FILE = TricorderTests/Info.plist;
				LD_RUNPATH_SEARCH_PATHS = "$(inherited) @executable_path/Frameworks @loader_path/Frameworks";
				PRODUCT_BUNDLE_IDENTIFIER = com.axolotol.TricorderTests;
				PRODUCT_NAME = "$(TARGET_NAME)";
				SWIFT_SWIFT3_OBJC_INFERENCE = On;
				SWIFT_VERSION = 4.0;
				TEST_HOST = "$(BUILT_PRODUCTS_DIR)/Tricorder.app/Tricorder";
			};
			name = Release;
		};
		3827B0331D9DD3DF004A3582 /* Debug */ = {
			isa = XCBuildConfiguration;
			baseConfigurationReference = AACC2D391C8216DE0EABC0C7 /* Pods-TricorderUITests.debug.xcconfig */;
			buildSettings = {
				ALWAYS_EMBED_SWIFT_STANDARD_LIBRARIES = YES;
				DEVELOPMENT_TEAM = LQ75G5YK98;
				INFOPLIST_FILE = TricorderUITests/Info.plist;
				LD_RUNPATH_SEARCH_PATHS = "$(inherited) @executable_path/Frameworks @loader_path/Frameworks";
				PRODUCT_BUNDLE_IDENTIFIER = com.axolotol.TricorderUITests;
				PRODUCT_NAME = "$(TARGET_NAME)";
				SWIFT_SWIFT3_OBJC_INFERENCE = On;
				SWIFT_VERSION = 4.0;
				TEST_TARGET_NAME = Tricorder;
			};
			name = Debug;
		};
		3827B0341D9DD3DF004A3582 /* Release */ = {
			isa = XCBuildConfiguration;
			baseConfigurationReference = E4AB72B55657ACD29C632D0A /* Pods-TricorderUITests.release.xcconfig */;
			buildSettings = {
				ALWAYS_EMBED_SWIFT_STANDARD_LIBRARIES = YES;
				DEVELOPMENT_TEAM = LQ75G5YK98;
				INFOPLIST_FILE = TricorderUITests/Info.plist;
				LD_RUNPATH_SEARCH_PATHS = "$(inherited) @executable_path/Frameworks @loader_path/Frameworks";
				PRODUCT_BUNDLE_IDENTIFIER = com.axolotol.TricorderUITests;
				PRODUCT_NAME = "$(TARGET_NAME)";
				SWIFT_SWIFT3_OBJC_INFERENCE = On;
				SWIFT_VERSION = 4.0;
				TEST_TARGET_NAME = Tricorder;
			};
			name = Release;
		};
/* End XCBuildConfiguration section */

/* Begin XCConfigurationList section */
		3827AFFD1D9DD3DE004A3582 /* Build configuration list for PBXProject "Tricorder" */ = {
			isa = XCConfigurationList;
			buildConfigurations = (
				3827B02A1D9DD3DF004A3582 /* Debug */,
				3827B02B1D9DD3DF004A3582 /* Release */,
			);
			defaultConfigurationIsVisible = 0;
			defaultConfigurationName = Release;
		};
		3827B02C1D9DD3DF004A3582 /* Build configuration list for PBXNativeTarget "Tricorder" */ = {
			isa = XCConfigurationList;
			buildConfigurations = (
				3827B02D1D9DD3DF004A3582 /* Debug */,
				3827B02E1D9DD3DF004A3582 /* Release */,
			);
			defaultConfigurationIsVisible = 0;
			defaultConfigurationName = Release;
		};
		3827B02F1D9DD3DF004A3582 /* Build configuration list for PBXNativeTarget "TricorderTests" */ = {
			isa = XCConfigurationList;
			buildConfigurations = (
				3827B0301D9DD3DF004A3582 /* Debug */,
				3827B0311D9DD3DF004A3582 /* Release */,
			);
			defaultConfigurationIsVisible = 0;
			defaultConfigurationName = Release;
		};
		3827B0321D9DD3DF004A3582 /* Build configuration list for PBXNativeTarget "TricorderUITests" */ = {
			isa = XCConfigurationList;
			buildConfigurations = (
				3827B0331D9DD3DF004A3582 /* Debug */,
				3827B0341D9DD3DF004A3582 /* Release */,
			);
			defaultConfigurationIsVisible = 0;
			defaultConfigurationName = Release;
		};
/* End XCConfigurationList section */

/* Begin XCVersionGroup section */
		3827B0921D9DDA2E004A3582 /* Tricorder.xcdatamodeld */ = {
			isa = XCVersionGroup;
			children = (
				3827B0931D9DDA2E004A3582 /* Tricorder.xcdatamodel */,
			);
			currentVersion = 3827B0931D9DDA2E004A3582 /* Tricorder.xcdatamodel */;
			path = Tricorder.xcdatamodeld;
			sourceTree = "<group>";
			versionGroupType = wrapper.xcdatamodel;
		};
/* End XCVersionGroup section */
	};
	rootObject = 3827AFFA1D9DD3DE004A3582 /* Project object */;
}
